
Microsoft Visual Studio Solution File, Format Version 12.00
# Visual Studio Version 17
VisualStudioVersion = 17.6.33815.320
MinimumVisualStudioVersion = 10.0.40219.1
Project("{FAE04EC0-301F-11D3-BF4B-00C04F79EFBC}") = "ApiDemoApp", "ApiDemoApp.csproj", "{94A4C49C-A060-4C03-B58C-F551A5A9F3E7}"
EndProject
Project("{FAE04EC0-301F-11D3-BF4B-00C04F79EFBC}") = "MinimalApiDemo", "..\MinimalApiDemo\MinimalApiDemo.csproj", "{14DB53E5-7611-4513-A333-932BC9A32422}"
EndProject
Global
	GlobalSection(SolutionConfigurationPlatforms) = preSolution
		Debug|Any CPU = Debug|Any CPU
		Release|Any CPU = Release|Any CPU
	EndGlobalSection
	GlobalSection(ProjectConfigurationPlatforms) = postSolution
		{94A4C49C-A060-4C03-B58C-F551A5A9F3E7}.Debug|Any CPU.ActiveCfg = Debug|Any CPU
		{94A4C49C-A060-4C03-B58C-F551A5A9F3E7}.Debug|Any CPU.Build.0 = Debug|Any CPU
		{94A4C49C-A060-4C03-B58C-F551A5A9F3E7}.Release|Any CPU.ActiveCfg = Release|Any CPU
		{94A4C49C-A060-4C03-B58C-F551A5A9F3E7}.Release|Any CPU.Build.0 = Release|Any CPU
		{14DB53E5-7611-4513-A333-932BC9A32422}.Debug|Any CPU.ActiveCfg = Debug|Any CPU
		{14DB53E5-7611-4513-A333-932BC9A32422}.Debug|Any CPU.Build.0 = Debug|Any CPU
		{14DB53E5-7611-4513-A333-932BC9A32422}.Release|Any CPU.ActiveCfg = Release|Any CPU
		{14DB53E5-7611-4513-A333-932BC9A32422}.Release|Any CPU.Build.0 = Release|Any CPU
	EndGlobalSection
	GlobalSection(SolutionProperties) = preSolution
		HideSolutionNode = FALSE
	EndGlobalSection
	GlobalSection(ExtensibilityGlobals) = postSolution
		SolutionGuid = {8FCFC376-46D1-4441-ACD1-A41888C7EB73}
	EndGlobalSection
EndGlobal
